
Microsoft Visual Studio Solution File, Format Version 12.00
# Visual Studio 15
VisualStudioVersion = 15.0.27130.2036
MinimumVisualStudioVersion = 10.0.40219.1
Project("{FAE04EC0-301F-11D3-BF4B-00C04F79EFBC}") = "TMCatalog", "TMCatalog\TMCatalog.csproj", "{5FB3D6A9-EB56-449A-BE32-BAFD018DA81F}"
EndProject
Project("{FAE04EC0-301F-11D3-BF4B-00C04F79EFBC}") = "TMCatalog.View", "TMCatalog.View\TMCatalog.View.csproj", "{FC364A7A-5FF1-4145-97B1-E3B1EB357FE5}"
EndProject
Project("{FAE04EC0-301F-11D3-BF4B-00C04F79EFBC}") = "TMCatalog.ViewModel", "TMCatalog.ViewModel\TMCatalog.ViewModel.csproj", "{6763B826-949C-488C-955D-A76CE9A1C0C0}"
EndProject
Project("{FAE04EC0-301F-11D3-BF4B-00C04F79EFBC}") = "TMCatalog.Common", "TMCatalog.Common\TMCatalog.Common.csproj", "{B25D67E8-94FD-415B-B3B8-6E9E34058284}"
EndProject
Project("{FAE04EC0-301F-11D3-BF4B-00C04F79EFBC}") = "TMCatalog.Model", "TMCatalog.Model\TMCatalog.Model.csproj", "{43E8BCA0-1E80-44E3-99E6-27E08D7DDCCA}"
EndProject
Project("{FAE04EC0-301F-11D3-BF4B-00C04F79EFBC}") = "TMCatalog.Logic", "TMCatalog.Logic\TMCatalog.Logic.csproj", "{86E301C8-CC7A-4A13-A18A-541792865636}"
EndProject
Global
	GlobalSection(SolutionConfigurationPlatforms) = preSolution
		Debug|Any CPU = Debug|Any CPU
		Release|Any CPU = Release|Any CPU
	EndGlobalSection
	GlobalSection(ProjectConfigurationPlatforms) = postSolution
		{5FB3D6A9-EB56-449A-BE32-BAFD018DA81F}.Debug|Any CPU.ActiveCfg = Debug|Any CPU
		{5FB3D6A9-EB56-449A-BE32-BAFD018DA81F}.Debug|Any CPU.Build.0 = Debug|Any CPU
		{5FB3D6A9-EB56-449A-BE32-BAFD018DA81F}.Release|Any CPU.ActiveCfg = Release|Any CPU
		{5FB3D6A9-EB56-449A-BE32-BAFD018DA81F}.Release|Any CPU.Build.0 = Release|Any CPU
		{FC364A7A-5FF1-4145-97B1-E3B1EB357FE5}.Debug|Any CPU.ActiveCfg = Debug|Any CPU
		{FC364A7A-5FF1-4145-97B1-E3B1EB357FE5}.Debug|Any CPU.Build.0 = Debug|Any CPU
		{FC364A7A-5FF1-4145-97B1-E3B1EB357FE5}.Release|Any CPU.ActiveCfg = Release|Any CPU
		{FC364A7A-5FF1-4145-97B1-E3B1EB357FE5}.Release|Any CPU.Build.0 = Release|Any CPU
		{6763B826-949C-488C-955D-A76CE9A1C0C0}.Debug|Any CPU.ActiveCfg = Debug|Any CPU
		{6763B826-949C-488C-955D-A76CE9A1C0C0}.Debug|Any CPU.Build.0 = Debug|Any CPU
		{6763B826-949C-488C-955D-A76CE9A1C0C0}.Release|Any CPU.ActiveCfg = Release|Any CPU
		{6763B826-949C-488C-955D-A76CE9A1C0C0}.Release|Any CPU.Build.0 = Release|Any CPU
		{B25D67E8-94FD-415B-B3B8-6E9E34058284}.Debug|Any CPU.ActiveCfg = Debug|Any CPU
		{B25D67E8-94FD-415B-B3B8-6E9E34058284}.Debug|Any CPU.Build.0 = Debug|Any CPU
		{B25D67E8-94FD-415B-B3B8-6E9E34058284}.Release|Any CPU.ActiveCfg = Release|Any CPU
		{B25D67E8-94FD-415B-B3B8-6E9E34058284}.Release|Any CPU.Build.0 = Release|Any CPU
		{43E8BCA0-1E80-44E3-99E6-27E08D7DDCCA}.Debug|Any CPU.ActiveCfg = Debug|Any CPU
		{43E8BCA0-1E80-44E3-99E6-27E08D7DDCCA}.Debug|Any CPU.Build.0 = Debug|Any CPU
		{43E8BCA0-1E80-44E3-99E6-27E08D7DDCCA}.Release|Any CPU.ActiveCfg = Release|Any CPU
		{43E8BCA0-1E80-44E3-99E6-27E08D7DDCCA}.Release|Any CPU.Build.0 = Release|Any CPU
		{86E301C8-CC7A-4A13-A18A-541792865636}.Debug|Any CPU.ActiveCfg = Debug|Any CPU
		{86E301C8-CC7A-4A13-A18A-541792865636}.Debug|Any CPU.Build.0 = Debug|Any CPU
		{86E301C8-CC7A-4A13-A18A-541792865636}.Release|Any CPU.ActiveCfg = Release|Any CPU
		{86E301C8-CC7A-4A13-A18A-541792865636}.Release|Any CPU.Build.0 = Release|Any CPU
	EndGlobalSection
	GlobalSection(SolutionProperties) = preSolution
		HideSolutionNode = FALSE
	EndGlobalSection
	GlobalSection(ExtensibilityGlobals) = postSolution
		SolutionGuid = {96F597C0-7AF0-45FE-B26E-D19A3F70A7D8}
	EndGlobalSection
	GlobalSection(TeamFoundationVersionControl) = preSolution
		SccNumberOfProjects = 7
		SccEnterpriseProvider = {4CA58AB2-18FA-4F8D-95D4-32DDF27D184C}
		SccTeamFoundationServer = https://dvsero.visualstudio.com/
		SccLocalPath0 = .
		SccProjectUniqueName1 = TMCatalog.Common\\TMCatalog.Common.csproj
		SccProjectName1 = TMCatalog.Common
		SccLocalPath1 = TMCatalog.Common
		SccProjectUniqueName2 = TMCatalog.Model\\TMCatalog.Model.csproj
		SccProjectName2 = TMCatalog.Model
		SccLocalPath2 = TMCatalog.Model
		SccProjectUniqueName3 = TMCatalog.View\\TMCatalog.View.csproj
		SccProjectName3 = TMCatalog.View
		SccLocalPath3 = TMCatalog.View
		SccProjectUniqueName4 = TMCatalog.ViewModel\\TMCatalog.ViewModel.csproj
		SccProjectName4 = TMCatalog.ViewModel
		SccLocalPath4 = TMCatalog.ViewModel
		SccProjectUniqueName5 = TMCatalog\\TMCatalog.csproj
		SccProjectName5 = TMCatalog
		SccLocalPath5 = TMCatalog
		SccProjectUniqueName6 = TMCatalog.Logic\\TMCatalog.Logic.csproj
		SccProjectName6 = TMCatalog.Logic
		SccLocalPath6 = TMCatalog.Logic
	EndGlobalSection
EndGlobal
